
Microsoft Visual Studio Solution File, Format Version 12.00
# Visual Studio 15
VisualStudioVersion = 15.0.28307.705
MinimumVisualStudioVersion = 10.0.40219.1
Project("{FAE04EC0-301F-11D3-BF4B-00C04F79EFBC}") = "SpringCM.Automation.UI", "SpringCM.Automation.UI\SpringCM.Automation.UI.csproj", "{4121623B-81DF-413E-8269-940E4F3024D8}"
EndProject
Project("{FAE04EC0-301F-11D3-BF4B-00C04F79EFBC}") = "SpringCM.Automation.Core", "SpringCM.Automation.Core\SpringCM.Automation.Core.csproj", "{2EA86F2E-5503-4D75-BEB5-9059C24DCA64}"
EndProject
Project("{FAE04EC0-301F-11D3-BF4B-00C04F79EFBC}") = "SpringCM.Automation.PageObjects", "SpringCM.Automation.PageObjects\SpringCM.Automation.PageObjects.csproj", "{980F108A-6D78-4BD8-9050-580B5FEE327E}"
EndProject
Global
	GlobalSection(SolutionConfigurationPlatforms) = preSolution
		Debug|Any CPU = Debug|Any CPU
		Release|Any CPU = Release|Any CPU
	EndGlobalSection
	GlobalSection(ProjectConfigurationPlatforms) = postSolution
		{4121623B-81DF-413E-8269-940E4F3024D8}.Debug|Any CPU.ActiveCfg = Debug|Any CPU
		{4121623B-81DF-413E-8269-940E4F3024D8}.Debug|Any CPU.Build.0 = Debug|Any CPU
		{4121623B-81DF-413E-8269-940E4F3024D8}.Release|Any CPU.ActiveCfg = Release|Any CPU
		{4121623B-81DF-413E-8269-940E4F3024D8}.Release|Any CPU.Build.0 = Release|Any CPU
		{2EA86F2E-5503-4D75-BEB5-9059C24DCA64}.Debug|Any CPU.ActiveCfg = Debug|Any CPU
		{2EA86F2E-5503-4D75-BEB5-9059C24DCA64}.Debug|Any CPU.Build.0 = Debug|Any CPU
		{2EA86F2E-5503-4D75-BEB5-9059C24DCA64}.Release|Any CPU.ActiveCfg = Release|Any CPU
		{2EA86F2E-5503-4D75-BEB5-9059C24DCA64}.Release|Any CPU.Build.0 = Release|Any CPU
		{980F108A-6D78-4BD8-9050-580B5FEE327E}.Debug|Any CPU.ActiveCfg = Debug|Any CPU
		{980F108A-6D78-4BD8-9050-580B5FEE327E}.Debug|Any CPU.Build.0 = Debug|Any CPU
		{980F108A-6D78-4BD8-9050-580B5FEE327E}.Release|Any CPU.ActiveCfg = Release|Any CPU
		{980F108A-6D78-4BD8-9050-580B5FEE327E}.Release|Any CPU.Build.0 = Release|Any CPU
	EndGlobalSection
	GlobalSection(SolutionProperties) = preSolution
		HideSolutionNode = FALSE
	EndGlobalSection
	GlobalSection(ExtensibilityGlobals) = postSolution
		SolutionGuid = {ACCBDB0F-CE3D-4C77-AA4B-40453BD1E9BC}
	EndGlobalSection
EndGlobal
